
Microsoft Visual Studio Solution File, Format Version 12.00
# Visual Studio Version 16
VisualStudioVersion = 16.0.30002.166
MinimumVisualStudioVersion = 10.0.40219.1
Project("{FAE04EC0-301F-11D3-BF4B-00C04F79EFBC}") = "DispatchService", "DispatchService\DispatchService.csproj", "{93641969-EBBF-41D6-A902-654AB2A03524}"
EndProject
Global
	GlobalSection(SolutionConfigurationPlatforms) = preSolution
		Debug|Any CPU = Debug|Any CPU
		Release|Any CPU = Release|Any CPU
	EndGlobalSection
	GlobalSection(ProjectConfigurationPlatforms) = postSolution
		{93641969-EBBF-41D6-A902-654AB2A03524}.Debug|Any CPU.ActiveCfg = Debug|Any CPU
		{93641969-EBBF-41D6-A902-654AB2A03524}.Debug|Any CPU.Build.0 = Debug|Any CPU
		{93641969-EBBF-41D6-A902-654AB2A03524}.Release|Any CPU.ActiveCfg = Release|Any CPU
		{93641969-EBBF-41D6-A902-654AB2A03524}.Release|Any CPU.Build.0 = Release|Any CPU
	EndGlobalSection
	GlobalSection(SolutionProperties) = preSolution
		HideSolutionNode = FALSE
	EndGlobalSection
	GlobalSection(ExtensibilityGlobals) = postSolution
		SolutionGuid = {6D3B2C8E-2C56-4410-94D7-D45990F64946}
	EndGlobalSection
EndGlobal
